
Microsoft Visual Studio Solution File, Format Version 12.00
# Visual Studio Version 17
VisualStudioVersion = 17.9.34728.123
MinimumVisualStudioVersion = 10.0.40219.1
Project("{9A19103F-16F7-4668-BE54-9A1E7A4F7556}") = "JWTAuth", "JWTAuth.csproj", "{70B0D949-3B24-46B5-A78A-3A9B83825DB8}"
EndProject
Global
	GlobalSection(SolutionConfigurationPlatforms) = preSolution
		Debug|Any CPU = Debug|Any CPU
		Release|Any CPU = Release|Any CPU
	EndGlobalSection
	GlobalSection(ProjectConfigurationPlatforms) = postSolution
		{70B0D949-3B24-46B5-A78A-3A9B83825DB8}.Debug|Any CPU.ActiveCfg = Debug|Any CPU
		{70B0D949-3B24-46B5-A78A-3A9B83825DB8}.Debug|Any CPU.Build.0 = Debug|Any CPU
		{70B0D949-3B24-46B5-A78A-3A9B83825DB8}.Release|Any CPU.ActiveCfg = Release|Any CPU
		{70B0D949-3B24-46B5-A78A-3A9B83825DB8}.Release|Any CPU.Build.0 = Release|Any CPU
	EndGlobalSection
	GlobalSection(SolutionProperties) = preSolution
		HideSolutionNode = FALSE
	EndGlobalSection
	GlobalSection(ExtensibilityGlobals) = postSolution
		SolutionGuid = {76E14104-03D3-4086-8A8F-9BF5E1ACD8DA}
	EndGlobalSection
EndGlobal
